version: 6
environments:
  default:
    channels:
    - url: https://conda.anaconda.org/conda-forge/
    indexes:
    - https://pypi.org/simple
    options:
      pypi-prerelease-mode: if-necessary-or-explicit
    packages:
      linux-64:
      - conda: https://conda.anaconda.org/conda-forge/linux-64/_libgcc_mutex-0.1-conda_forge.tar.bz2
      - conda: https://conda.anaconda.org/conda-forge/linux-64/_openmp_mutex-4.5-2_gnu.tar.bz2
      - conda: https://conda.anaconda.org/conda-forge/noarch/asttokens-3.0.1-pyhd8ed1ab_0.conda
      - conda: https://conda.anaconda.org/conda-forge/linux-64/bzip2-1.0.8-hda65f42_8.conda
      - conda: https://conda.anaconda.org/conda-forge/noarch/ca-certificates-2025.11.12-hbd8a1cb_0.conda
      - conda: https://conda.anaconda.org/conda-forge/noarch/decorator-5.2.1-pyhd8ed1ab_0.conda
      - conda: https://conda.anaconda.org/conda-forge/noarch/executing-2.2.1-pyhd8ed1ab_0.conda
      - conda: https://conda.anaconda.org/conda-forge/linux-64/icu-78.1-h33c6efd_0.conda
      - conda: https://conda.anaconda.org/conda-forge/noarch/ipdb-0.13.13-pyhd8ed1ab_1.conda
      - conda: https://conda.anaconda.org/conda-forge/noarch/ipython-9.8.0-pyh53cf698_0.conda
      - conda: https://conda.anaconda.org/conda-forge/noarch/ipython_pygments_lexers-1.1.1-pyhd8ed1ab_0.conda
      - conda: https://conda.anaconda.org/conda-forge/noarch/jedi-0.19.2-pyhd8ed1ab_1.conda
      - conda: https://conda.anaconda.org/conda-forge/linux-64/ld_impl_linux-64-2.45-default_hbd61a6d_105.conda
      - conda: https://conda.anaconda.org/conda-forge/linux-64/libexpat-2.7.3-hecca717_0.conda
      - conda: https://conda.anaconda.org/conda-forge/linux-64/libffi-3.5.2-h9ec8514_0.conda
      - conda: https://conda.anaconda.org/conda-forge/linux-64/libgcc-15.2.0-he0feb66_16.conda
      - conda: https://conda.anaconda.org/conda-forge/linux-64/libgomp-15.2.0-he0feb66_16.conda
      - conda: https://conda.anaconda.org/conda-forge/linux-64/liblzma-5.8.1-hb9d3cd8_2.conda
      - conda: https://conda.anaconda.org/conda-forge/linux-64/libmpdec-4.0.0-hb9d3cd8_0.conda
      - conda: https://conda.anaconda.org/conda-forge/linux-64/libsqlite-3.51.1-hf4e2dac_1.conda
      - conda: https://conda.anaconda.org/conda-forge/linux-64/libstdcxx-15.2.0-h934c35e_16.conda
      - conda: https://conda.anaconda.org/conda-forge/linux-64/libuuid-2.41.3-h5347b49_0.conda
      - conda: https://conda.anaconda.org/conda-forge/linux-64/libzlib-1.3.1-hb9d3cd8_2.conda
      - conda: https://conda.anaconda.org/conda-forge/noarch/matplotlib-inline-0.2.1-pyhd8ed1ab_0.conda
      - conda: https://conda.anaconda.org/conda-forge/linux-64/ncurses-6.5-h2d0b736_3.conda
      - conda: https://conda.anaconda.org/conda-forge/linux-64/openssl-3.6.0-h26f9b46_0.conda
      - conda: https://conda.anaconda.org/conda-forge/noarch/parso-0.8.5-pyhcf101f3_0.conda
      - conda: https://conda.anaconda.org/conda-forge/noarch/pexpect-4.9.0-pyhd8ed1ab_1.conda
      - conda: https://conda.anaconda.org/conda-forge/noarch/prompt-toolkit-3.0.52-pyha770c72_0.conda
      - conda: https://conda.anaconda.org/conda-forge/noarch/ptyprocess-0.7.0-pyhd8ed1ab_1.conda
      - conda: https://conda.anaconda.org/conda-forge/noarch/pure_eval-0.2.3-pyhd8ed1ab_1.conda
      - conda: https://conda.anaconda.org/conda-forge/noarch/pygments-2.19.2-pyhd8ed1ab_0.conda
      - conda: https://conda.anaconda.org/conda-forge/linux-64/python-3.14.2-h32b2ec7_100_cp314.conda
      - conda: https://conda.anaconda.org/conda-forge/noarch/python_abi-3.14-8_cp314.conda
      - conda: https://conda.anaconda.org/conda-forge/linux-64/readline-8.3-h853b02a_0.conda
      - conda: https://conda.anaconda.org/conda-forge/noarch/stack_data-0.6.3-pyhd8ed1ab_1.conda
      - conda: https://conda.anaconda.org/conda-forge/linux-64/tk-8.6.13-noxft_ha0e22de_103.conda
      - conda: https://conda.anaconda.org/conda-forge/noarch/toml-0.10.2-pyhcf101f3_3.conda
      - conda: https://conda.anaconda.org/conda-forge/noarch/traitlets-5.14.3-pyhd8ed1ab_1.conda
      - conda: https://conda.anaconda.org/conda-forge/noarch/typing_extensions-4.15.0-pyhcf101f3_0.conda
      - conda: https://conda.anaconda.org/conda-forge/noarch/tzdata-2025c-h8577fbf_0.conda
      - conda: https://conda.anaconda.org/conda-forge/noarch/wcwidth-0.2.14-pyhd8ed1ab_0.conda
      - conda: https://conda.anaconda.org/conda-forge/linux-64/zstd-1.5.7-hb78ec9c_6.conda
      - pypi: https://files.pythonhosted.org/packages/70/7d/9bc192684cea499815ff478dfcdc13835ddf401365057044fb721ec6bddb/certifi-2025.11.12-py3-none-any.whl
      - pypi: https://files.pythonhosted.org/packages/67/ff/f6b948ca32e4f2a4576aa129d8bed61f2e0543bf9f5f2b7fc3758ed005c9/charset_normalizer-3.4.4-cp314-cp314-manylinux2014_x86_64.manylinux_2_17_x86_64.manylinux_2_28_x86_64.whl
      - pypi: https://files.pythonhosted.org/packages/b8/14/bab308fc2c1b5228c3224ec2bf928ce2e4d21d8046c161e44a2012b5203e/greenlet-3.3.0-cp314-cp314-manylinux_2_24_x86_64.manylinux_2_28_x86_64.whl
      - pypi: https://files.pythonhosted.org/packages/0e/61/66938bbb5fc52dbdf84594873d5b51fb1f7c7794e9c0f5bd885f30bc507b/idna-3.11-py3-none-any.whl
      - pypi: https://files.pythonhosted.org/packages/cb/b1/3846dd7f199d53cb17f49cba7e651e9ce294d8497c8c150530ed11865bb8/iniconfig-2.3.0-py3-none-any.whl
      - pypi: https://files.pythonhosted.org/packages/94/54/e7d793b573f298e1c9013b8c4dade17d481164aa517d1d7148619c2cedbf/markdown_it_py-4.0.0-py3-none-any.whl
      - pypi: https://files.pythonhosted.org/packages/b3/38/89ba8ad64ae25be8de66a6d463314cf1eb366222074cfda9ee839c56a4b4/mdurl-0.1.2-py3-none-any.whl
      - pypi: https://files.pythonhosted.org/packages/20/12/38679034af332785aac8774540895e234f4d07f7545804097de4b666afd8/packaging-25.0-py3-none-any.whl
      - pypi: https://files.pythonhosted.org/packages/56/61/3a803cb5ae0321715bfd5247ea871d25b32c8f372aeb70550a90c5f586df/playwright-1.57.0-py3-none-manylinux1_x86_64.whl
      - pypi: https://files.pythonhosted.org/packages/54/20/4d324d65cc6d9205fabedc306948156824eb9f0ee1633355a8f7ec5c66bf/pluggy-1.6.0-py3-none-any.whl
      - pypi: https://files.pythonhosted.org/packages/9b/4d/b9add7c84060d4c1906abe9a7e5359f2a60f7a9a4f67268b2766673427d8/pyee-13.0.0-py3-none-any.whl
      - pypi: https://files.pythonhosted.org/packages/3b/ab/b3226f0bd7cdcf710fbede2b3548584366da3b19b5021e74f5bde2a8fa3f/pytest-9.0.2-py3-none-any.whl
      - pypi: https://files.pythonhosted.org/packages/98/1c/b00940ab9eb8ede7897443b771987f2f4a76f06be02f1b3f01eb7567e24a/pytest_base_url-2.1.0-py3-none-any.whl
      - pypi: https://files.pythonhosted.org/packages/76/61/4d333d8354ea2bea2c2f01bad0a4aa3c1262de20e1241f78e73360e9b620/pytest_playwright-0.7.2-py3-none-any.whl
      - pypi: https://files.pythonhosted.org/packages/a4/62/02da182e544a51a5c3ccf4b03ab79df279f9c60c5e82d5e8bec7ca26ac11/python_slugify-8.0.4-py2.py3-none-any.whl
      - pypi: https://files.pythonhosted.org/packages/1e/db/4254e3eabe8020b458f1a747140d32277ec7a271daf1d235b70dc0b4e6e3/requests-2.32.5-py3-none-any.whl
      - pypi: https://files.pythonhosted.org/packages/25/7a/b0178788f8dc6cafce37a212c99565fa1fe7872c70c6c9c1e1a372d9d88f/rich-14.2.0-py3-none-any.whl
      - pypi: https://files.pythonhosted.org/packages/a6/a5/c0b6468d3824fe3fde30dbb5e1f687b291608f9473681bbf7dabbf5a87d7/text_unidecode-1.3-py2.py3-none-any.whl
      - pypi: https://files.pythonhosted.org/packages/6d/b9/4095b668ea3678bf6a0af005527f39de12fb026516fb3df17495a733b7f8/urllib3-2.6.2-py3-none-any.whl
packages:
- conda: https://conda.anaconda.org/conda-forge/linux-64/_libgcc_mutex-0.1-conda_forge.tar.bz2
  sha256: fe51de6107f9edc7aa4f786a70f4a883943bc9d39b3bb7307c04c41410990726
  md5: d7c89558ba9fa0495403155b64376d81
  license: None
  purls: []
  size: 2562
  timestamp: 1578324546067
- conda: https://conda.anaconda.org/conda-forge/linux-64/_openmp_mutex-4.5-2_gnu.tar.bz2
  build_number: 16
  sha256: fbe2c5e56a653bebb982eda4876a9178aedfc2b545f25d0ce9c4c0b508253d22
  md5: 73aaf86a425cc6e73fcf236a5a46396d
  depends:
  - _libgcc_mutex 0.1 conda_forge
  - libgomp >=7.5.0
  constrains:
  - openmp_impl 9999
  license: BSD-3-Clause
  license_family: BSD
  purls: []
  size: 23621
  timestamp: 1650670423406
- conda: https://conda.anaconda.org/conda-forge/noarch/asttokens-3.0.1-pyhd8ed1ab_0.conda
  sha256: ee4da0f3fe9d59439798ee399ef3e482791e48784873d546e706d0935f9ff010
  md5: 9673a61a297b00016442e022d689faa6
  depends:
  - python >=3.10
  constrains:
  - astroid >=2,<5
  license: Apache-2.0
  license_family: Apache
  purls:
  - pkg:pypi/asttokens?source=hash-mapping
  size: 28797
  timestamp: 1763410017955
- conda: https://conda.anaconda.org/conda-forge/linux-64/bzip2-1.0.8-hda65f42_8.conda
  sha256: c30daba32ddebbb7ded490f0e371eae90f51e72db620554089103b4a6934b0d5
  md5: 51a19bba1b8ebfb60df25cde030b7ebc
  depends:
  - __glibc >=2.17,<3.0.a0
  - libgcc >=14
  license: bzip2-1.0.6
  license_family: BSD
  purls: []
  size: 260341
  timestamp: 1757437258798
- conda: https://conda.anaconda.org/conda-forge/noarch/ca-certificates-2025.11.12-hbd8a1cb_0.conda
  sha256: b986ba796d42c9d3265602bc038f6f5264095702dd546c14bc684e60c385e773
  md5: f0991f0f84902f6b6009b4d2350a83aa
  depends:
  - __unix
  license: ISC
  purls: []
  size: 152432
  timestamp: 1762967197890
- pypi: https://files.pythonhosted.org/packages/70/7d/9bc192684cea499815ff478dfcdc13835ddf401365057044fb721ec6bddb/certifi-2025.11.12-py3-none-any.whl
  name: certifi
  version: 2025.11.12
  sha256: 97de8790030bbd5c2d96b7ec782fc2f7820ef8dba6db909ccf95449f2d062d4b
  requires_python: '>=3.7'
- pypi: https://files.pythonhosted.org/packages/67/ff/f6b948ca32e4f2a4576aa129d8bed61f2e0543bf9f5f2b7fc3758ed005c9/charset_normalizer-3.4.4-cp314-cp314-manylinux2014_x86_64.manylinux_2_17_x86_64.manylinux_2_28_x86_64.whl
  name: charset-normalizer
  version: 3.4.4
  sha256: ecaae4149d99b1c9e7b88bb03e3221956f68fd6d50be2ef061b2381b61d20838
  requires_python: '>=3.7'
- conda: https://conda.anaconda.org/conda-forge/noarch/decorator-5.2.1-pyhd8ed1ab_0.conda
  sha256: c17c6b9937c08ad63cb20a26f403a3234088e57d4455600974a0ce865cb14017
  md5: 9ce473d1d1be1cc3810856a48b3fab32
  depends:
  - python >=3.9
  license: BSD-2-Clause
  license_family: BSD
  purls:
  - pkg:pypi/decorator?source=hash-mapping
  size: 14129
  timestamp: 1740385067843
- conda: https://conda.anaconda.org/conda-forge/noarch/executing-2.2.1-pyhd8ed1ab_0.conda
  sha256: 210c8165a58fdbf16e626aac93cc4c14dbd551a01d1516be5ecad795d2422cad
  md5: ff9efb7f7469aed3c4a8106ffa29593c
  depends:
  - python >=3.10
  license: MIT
  license_family: MIT
  purls:
  - pkg:pypi/executing?source=hash-mapping
  size: 30753
  timestamp: 1756729456476
- pypi: https://files.pythonhosted.org/packages/b8/14/bab308fc2c1b5228c3224ec2bf928ce2e4d21d8046c161e44a2012b5203e/greenlet-3.3.0-cp314-cp314-manylinux_2_24_x86_64.manylinux_2_28_x86_64.whl
  name: greenlet
  version: 3.3.0
  sha256: 5773edda4dc00e173820722711d043799d3adb4f01731f40619e07ea2750b955
  requires_dist:
  - sphinx ; extra == 'docs'
  - furo ; extra == 'docs'
  - objgraph ; extra == 'test'
  - psutil ; extra == 'test'
  - setuptools ; extra == 'test'
  requires_python: '>=3.10'
- conda: https://conda.anaconda.org/conda-forge/linux-64/icu-78.1-h33c6efd_0.conda
  sha256: 7d6463d0be5092b2ae8f2fad34dc84de83eab8bd44cc0d4be8931881c973c48f
  md5: 518e9bbbc3e3486d6a4519192ba690f8
  depends:
  - __glibc >=2.17,<3.0.a0
  - libgcc >=14
  - libstdcxx >=14
  license: MIT
  purls: []
  size: 12722920
  timestamp: 1766299101259
- pypi: https://files.pythonhosted.org/packages/0e/61/66938bbb5fc52dbdf84594873d5b51fb1f7c7794e9c0f5bd885f30bc507b/idna-3.11-py3-none-any.whl
  name: idna
  version: '3.11'
  sha256: 771a87f49d9defaf64091e6e6fe9c18d4833f140bd19464795bc32d966ca37ea
  requires_dist:
  - ruff>=0.6.2 ; extra == 'all'
  - mypy>=1.11.2 ; extra == 'all'
  - pytest>=8.3.2 ; extra == 'all'
  - flake8>=7.1.1 ; extra == 'all'
  requires_python: '>=3.8'
- pypi: https://files.pythonhosted.org/packages/cb/b1/3846dd7f199d53cb17f49cba7e651e9ce294d8497c8c150530ed11865bb8/iniconfig-2.3.0-py3-none-any.whl
  name: iniconfig
  version: 2.3.0
  sha256: f631c04d2c48c52b84d0d0549c99ff3859c98df65b3101406327ecc7d53fbf12
  requires_python: '>=3.10'
- conda: https://conda.anaconda.org/conda-forge/noarch/ipdb-0.13.13-pyhd8ed1ab_1.conda
  sha256: 33275d537122e67df200203d541170db8b55886667d30cc7262cc1e463b04406
  md5: 044c5249ad8ea18a414d07baa1f369ea
  depends:
  - decorator
  - ipython
  - python >=3.9
  - toml >=0.10.2
  license: BSD-3-Clause
  license_family: BSD
  purls:
  - pkg:pypi/ipdb?source=hash-mapping
  size: 18713
  timestamp: 1734884952029
- conda: https://conda.anaconda.org/conda-forge/noarch/ipython-9.8.0-pyh53cf698_0.conda
  sha256: 8a72c9945dc4726ee639a9652b622ae6b03f3eba0e16a21d1c6e5bfb562f5a3f
  md5: fd77b1039118a3e8ce1070ac8ed45bae
  depends:
  - __unix
  - pexpect >4.3
  - decorator >=4.3.2
  - ipython_pygments_lexers >=1.0.0
  - jedi >=0.18.1
  - matplotlib-inline >=0.1.5
  - prompt-toolkit >=3.0.41,<3.1.0
  - pygments >=2.11.0
  - python >=3.11
  - stack_data >=0.6.0
  - traitlets >=5.13.0
  - typing_extensions >=4.6
  - python
  license: BSD-3-Clause
  license_family: BSD
  purls:
  - pkg:pypi/ipython?source=hash-mapping
  size: 645145
  timestamp: 1764766793792
- conda: https://conda.anaconda.org/conda-forge/noarch/ipython_pygments_lexers-1.1.1-pyhd8ed1ab_0.conda
  sha256: 894682a42a7d659ae12878dbcb274516a7031bbea9104e92f8e88c1f2765a104
  md5: bd80ba060603cc228d9d81c257093119
  depends:
  - pygments
  - python >=3.9
  license: BSD-3-Clause
  license_family: BSD
  purls:
  - pkg:pypi/ipython-pygments-lexers?source=hash-mapping
  size: 13993
  timestamp: 1737123723464
- conda: https://conda.anaconda.org/conda-forge/noarch/jedi-0.19.2-pyhd8ed1ab_1.conda
  sha256: 92c4d217e2dc68983f724aa983cca5464dcb929c566627b26a2511159667dba8
  md5: a4f4c5dc9b80bc50e0d3dc4e6e8f1bd9
  depends:
  - parso >=0.8.3,<0.9.0
  - python >=3.9
  license: Apache-2.0 AND MIT
  purls:
  - pkg:pypi/jedi?source=hash-mapping
  size: 843646
  timestamp: 1733300981994
- conda: https://conda.anaconda.org/conda-forge/linux-64/ld_impl_linux-64-2.45-default_hbd61a6d_105.conda
  sha256: 1027bd8aa0d5144e954e426ab6218fd5c14e54a98f571985675468b339c808ca
  md5: 3ec0aa5037d39b06554109a01e6fb0c6
  depends:
  - __glibc >=2.17,<3.0.a0
  - zstd >=1.5.7,<1.6.0a0
  constrains:
  - binutils_impl_linux-64 2.45
  license: GPL-3.0-only
  purls: []
  size: 730831
  timestamp: 1766513089214
- conda: https://conda.anaconda.org/conda-forge/linux-64/libexpat-2.7.3-hecca717_0.conda
  sha256: 1e1b08f6211629cbc2efe7a5bca5953f8f6b3cae0eeb04ca4dacee1bd4e2db2f
  md5: 8b09ae86839581147ef2e5c5e229d164
  depends:
  - __glibc >=2.17,<3.0.a0
  - libgcc >=14
  constrains:
  - expat 2.7.3.*
  license: MIT
  license_family: MIT
  purls: []
  size: 76643
  timestamp: 1763549731408
- conda: https://conda.anaconda.org/conda-forge/linux-64/libffi-3.5.2-h9ec8514_0.conda
  sha256: 25cbdfa65580cfab1b8d15ee90b4c9f1e0d72128f1661449c9a999d341377d54
  md5: 35f29eec58405aaf55e01cb470d8c26a
  depends:
  - __glibc >=2.17,<3.0.a0
  - libgcc >=14
  license: MIT
  license_family: MIT
  purls: []
  size: 57821
  timestamp: 1760295480630
- conda: https://conda.anaconda.org/conda-forge/linux-64/libgcc-15.2.0-he0feb66_16.conda
  sha256: 6eed58051c2e12b804d53ceff5994a350c61baf117ec83f5f10c953a3f311451
  md5: 6d0363467e6ed84f11435eb309f2ff06
  depends:
  - __glibc >=2.17,<3.0.a0
  - _openmp_mutex >=4.5
  constrains:
  - libgcc-ng ==15.2.0=*_16
  - libgomp 15.2.0 he0feb66_16
  license: GPL-3.0-only WITH GCC-exception-3.1
  license_family: GPL
  purls: []
  size: 1042798
  timestamp: 1765256792743
- conda: https://conda.anaconda.org/conda-forge/linux-64/libgomp-15.2.0-he0feb66_16.conda
  sha256: 5b3e5e4e9270ecfcd48f47e3a68f037f5ab0f529ccb223e8e5d5ac75a58fc687
  md5: 26c46f90d0e727e95c6c9498a33a09f3
  depends:
  - __glibc >=2.17,<3.0.a0
  license: GPL-3.0-only WITH GCC-exception-3.1
  license_family: GPL
  purls: []
  size: 603284
  timestamp: 1765256703881
- conda: https://conda.anaconda.org/conda-forge/linux-64/liblzma-5.8.1-hb9d3cd8_2.conda
  sha256: f2591c0069447bbe28d4d696b7fcb0c5bd0b4ac582769b89addbcf26fb3430d8
  md5: 1a580f7796c7bf6393fddb8bbbde58dc
  depends:
  - __glibc >=2.17,<3.0.a0
  - libgcc >=13
  constrains:
  - xz 5.8.1.*
  license: 0BSD
  purls: []
  size: 112894
  timestamp: 1749230047870
- conda: https://conda.anaconda.org/conda-forge/linux-64/libmpdec-4.0.0-hb9d3cd8_0.conda
  sha256: 3aa92d4074d4063f2a162cd8ecb45dccac93e543e565c01a787e16a43501f7ee
  md5: c7e925f37e3b40d893459e625f6a53f1
  depends:
  - __glibc >=2.17,<3.0.a0
  - libgcc >=13
  license: BSD-2-Clause
  license_family: BSD
  purls: []
  size: 91183
  timestamp: 1748393666725
- conda: https://conda.anaconda.org/conda-forge/linux-64/libsqlite-3.51.1-hf4e2dac_1.conda
  sha256: d614540c55f22ad555633f75e174089018ddfc65c49f447f7bbdbc3c3013bec1
  md5: b1f35e70f047918b49fb4b181e40300e
  depends:
  - __glibc >=2.17,<3.0.a0
  - icu >=78.1,<79.0a0
  - libgcc >=14
  - libzlib >=1.3.1,<2.0a0
  license: blessing
  purls: []
  size: 943451
  timestamp: 1766319676469
- conda: https://conda.anaconda.org/conda-forge/linux-64/libstdcxx-15.2.0-h934c35e_16.conda
  sha256: 813427918316a00c904723f1dfc3da1bbc1974c5cfe1ed1e704c6f4e0798cbc6
  md5: 68f68355000ec3f1d6f26ea13e8f525f
  depends:
  - __glibc >=2.17,<3.0.a0
  - libgcc 15.2.0 he0feb66_16
  constrains:
  - libstdcxx-ng ==15.2.0=*_16
  license: GPL-3.0-only WITH GCC-exception-3.1
  license_family: GPL
  purls: []
  size: 5856456
  timestamp: 1765256838573
- conda: https://conda.anaconda.org/conda-forge/linux-64/libuuid-2.41.3-h5347b49_0.conda
  sha256: 1a7539cfa7df00714e8943e18de0b06cceef6778e420a5ee3a2a145773758aee
  md5: db409b7c1720428638e7c0d509d3e1b5
  depends:
  - __glibc >=2.17,<3.0.a0
  - libgcc >=14
  license: BSD-3-Clause
  purls: []
  size: 40311
  timestamp: 1766271528534
- conda: https://conda.anaconda.org/conda-forge/linux-64/libzlib-1.3.1-hb9d3cd8_2.conda
  sha256: d4bfe88d7cb447768e31650f06257995601f89076080e76df55e3112d4e47dc4
  md5: edb0dca6bc32e4f4789199455a1dbeb8
  depends:
  - __glibc >=2.17,<3.0.a0
  - libgcc >=13
  constrains:
  - zlib 1.3.1 *_2
  license: Zlib
  license_family: Other
  purls: []
  size: 60963
  timestamp: 1727963148474
- pypi: https://files.pythonhosted.org/packages/94/54/e7d793b573f298e1c9013b8c4dade17d481164aa517d1d7148619c2cedbf/markdown_it_py-4.0.0-py3-none-any.whl
  name: markdown-it-py
  version: 4.0.0
  sha256: 87327c59b172c5011896038353a81343b6754500a08cd7a4973bb48c6d578147
  requires_dist:
  - mdurl~=0.1
  - psutil ; extra == 'benchmarking'
  - pytest ; extra == 'benchmarking'
  - pytest-benchmark ; extra == 'benchmarking'
  - commonmark~=0.9 ; extra == 'compare'
  - markdown~=3.4 ; extra == 'compare'
  - mistletoe~=1.0 ; extra == 'compare'
  - mistune~=3.0 ; extra == 'compare'
  - panflute~=2.3 ; extra == 'compare'
  - markdown-it-pyrs ; extra == 'compare'
  - linkify-it-py>=1,<3 ; extra == 'linkify'
  - mdit-py-plugins>=0.5.0 ; extra == 'plugins'
  - gprof2dot ; extra == 'profiling'
  - mdit-py-plugins>=0.5.0 ; extra == 'rtd'
  - myst-parser ; extra == 'rtd'
  - pyyaml ; extra == 'rtd'
  - sphinx ; extra == 'rtd'
  - sphinx-copybutton ; extra == 'rtd'
  - sphinx-design ; extra == 'rtd'
  - sphinx-book-theme~=1.0 ; extra == 'rtd'
  - jupyter-sphinx ; extra == 'rtd'
  - ipykernel ; extra == 'rtd'
  - coverage ; extra == 'testing'
  - pytest ; extra == 'testing'
  - pytest-cov ; extra == 'testing'
  - pytest-regressions ; extra == 'testing'
  - requests ; extra == 'testing'
  requires_python: '>=3.10'
- conda: https://conda.anaconda.org/conda-forge/noarch/matplotlib-inline-0.2.1-pyhd8ed1ab_0.conda
  sha256: 9d690334de0cd1d22c51bc28420663f4277cfa60d34fa5cad1ce284a13f1d603
  md5: 00e120ce3e40bad7bfc78861ce3c4a25
  depends:
  - python >=3.10
  - traitlets
  license: BSD-3-Clause
  license_family: BSD
  purls:
  - pkg:pypi/matplotlib-inline?source=hash-mapping
  size: 15175
  timestamp: 1761214578417
- pypi: https://files.pythonhosted.org/packages/b3/38/89ba8ad64ae25be8de66a6d463314cf1eb366222074cfda9ee839c56a4b4/mdurl-0.1.2-py3-none-any.whl
  name: mdurl
  version: 0.1.2
  sha256: 84008a41e51615a49fc9966191ff91509e3c40b939176e643fd50a5c2196b8f8
  requires_python: '>=3.7'
- conda: https://conda.anaconda.org/conda-forge/linux-64/ncurses-6.5-h2d0b736_3.conda
  sha256: 3fde293232fa3fca98635e1167de6b7c7fda83caf24b9d6c91ec9eefb4f4d586
  md5: 47e340acb35de30501a76c7c799c41d7
  depends:
  - __glibc >=2.17,<3.0.a0
  - libgcc >=13
  license: X11 AND BSD-3-Clause
  purls: []
  size: 891641
  timestamp: 1738195959188
- conda: https://conda.anaconda.org/conda-forge/linux-64/openssl-3.6.0-h26f9b46_0.conda
  sha256: a47271202f4518a484956968335b2521409c8173e123ab381e775c358c67fe6d
  md5: 9ee58d5c534af06558933af3c845a780
  depends:
  - __glibc >=2.17,<3.0.a0
  - ca-certificates
  - libgcc >=14
  license: Apache-2.0
  license_family: Apache
  purls: []
  size: 3165399
  timestamp: 1762839186699
- pypi: https://files.pythonhosted.org/packages/20/12/38679034af332785aac8774540895e234f4d07f7545804097de4b666afd8/packaging-25.0-py3-none-any.whl
  name: packaging
  version: '25.0'
  sha256: 29572ef2b1f17581046b3a2227d5c611fb25ec70ca1ba8554b24b0e69331a484
  requires_python: '>=3.8'
- conda: https://conda.anaconda.org/conda-forge/noarch/parso-0.8.5-pyhcf101f3_0.conda
  sha256: 30de7b4d15fbe53ffe052feccde31223a236dae0495bab54ab2479de30b2990f
  md5: a110716cdb11cf51482ff4000dc253d7
  depends:
  - python >=3.10
  - python
  license: MIT
  license_family: MIT
  purls:
  - pkg:pypi/parso?source=hash-mapping
  size: 81562
  timestamp: 1755974222274
- conda: https://conda.anaconda.org/conda-forge/noarch/pexpect-4.9.0-pyhd8ed1ab_1.conda
  sha256: 202af1de83b585d36445dc1fda94266697341994d1a3328fabde4989e1b3d07a
  md5: d0d408b1f18883a944376da5cf8101ea
  depends:
  - ptyprocess >=0.5
  - python >=3.9
  license: ISC
  purls:
  - pkg:pypi/pexpect?source=hash-mapping
  size: 53561
  timestamp: 1733302019362
- pypi: https://files.pythonhosted.org/packages/56/61/3a803cb5ae0321715bfd5247ea871d25b32c8f372aeb70550a90c5f586df/playwright-1.57.0-py3-none-manylinux1_x86_64.whl
  name: playwright
  version: 1.57.0
  sha256: 284ed5a706b7c389a06caa431b2f0ba9ac4130113c3a779767dda758c2497bb1
  requires_dist:
  - pyee>=13,<14
  - greenlet>=3.1.1,<4.0.0
  requires_python: '>=3.9'
- pypi: https://files.pythonhosted.org/packages/54/20/4d324d65cc6d9205fabedc306948156824eb9f0ee1633355a8f7ec5c66bf/pluggy-1.6.0-py3-none-any.whl
  name: pluggy
  version: 1.6.0
  sha256: e920276dd6813095e9377c0bc5566d94c932c33b27a3e3945d8389c374dd4746
  requires_dist:
  - pre-commit ; extra == 'dev'
  - tox ; extra == 'dev'
  - pytest ; extra == 'testing'
  - pytest-benchmark ; extra == 'testing'
  - coverage ; extra == 'testing'
  requires_python: '>=3.9'
- conda: https://conda.anaconda.org/conda-forge/noarch/prompt-toolkit-3.0.52-pyha770c72_0.conda
  sha256: 4817651a276016f3838957bfdf963386438c70761e9faec7749d411635979bae
  md5: edb16f14d920fb3faf17f5ce582942d6
  depends:
  - python >=3.10
  - wcwidth
  constrains:
  - prompt_toolkit 3.0.52
  license: BSD-3-Clause
  license_family: BSD
  purls:
  - pkg:pypi/prompt-toolkit?source=hash-mapping
  size: 273927
  timestamp: 1756321848365
- conda: https://conda.anaconda.org/conda-forge/noarch/ptyprocess-0.7.0-pyhd8ed1ab_1.conda
  sha256: a7713dfe30faf17508ec359e0bc7e0983f5d94682492469bd462cdaae9c64d83
  md5: 7d9daffbb8d8e0af0f769dbbcd173a54
  depends:
  - python >=3.9
  license: ISC
  purls:
  - pkg:pypi/ptyprocess?source=hash-mapping
  size: 19457
  timestamp: 1733302371990
- conda: https://conda.anaconda.org/conda-forge/noarch/pure_eval-0.2.3-pyhd8ed1ab_1.conda
  sha256: 71bd24600d14bb171a6321d523486f6a06f855e75e547fa0cb2a0953b02047f0
  md5: 3bfdfb8dbcdc4af1ae3f9a8eb3948f04
  depends:
  - python >=3.9
  license: MIT
  license_family: MIT
  purls:
  - pkg:pypi/pure-eval?source=hash-mapping
  size: 16668
  timestamp: 1733569518868
- pypi: https://files.pythonhosted.org/packages/9b/4d/b9add7c84060d4c1906abe9a7e5359f2a60f7a9a4f67268b2766673427d8/pyee-13.0.0-py3-none-any.whl
  name: pyee
  version: 13.0.0
  sha256: 48195a3cddb3b1515ce0695ed76036b5ccc2ef3a9f963ff9f77aec0139845498
  requires_dist:
  - typing-extensions
  - build ; extra == 'dev'
  - flake8 ; extra == 'dev'
  - flake8-black ; extra == 'dev'
  - pytest ; extra == 'dev'
  - pytest-asyncio ; python_full_version >= '3.4' and extra == 'dev'
  - pytest-trio ; python_full_version >= '3.7' and extra == 'dev'
  - black ; extra == 'dev'
  - isort ; extra == 'dev'
  - jupyter-console ; extra == 'dev'
  - mkdocs ; extra == 'dev'
  - mkdocs-include-markdown-plugin ; extra == 'dev'
  - mkdocstrings[python] ; extra == 'dev'
  - mypy ; extra == 'dev'
  - sphinx ; extra == 'dev'
  - toml ; extra == 'dev'
  - tox ; extra == 'dev'
  - trio ; extra == 'dev'
  - trio ; python_full_version >= '3.7' and extra == 'dev'
  - trio-typing ; python_full_version >= '3.7' and extra == 'dev'
  - twine ; extra == 'dev'
  - twisted ; extra == 'dev'
  - validate-pyproject[all] ; extra == 'dev'
  requires_python: '>=3.8'
- conda: https://conda.anaconda.org/conda-forge/noarch/pygments-2.19.2-pyhd8ed1ab_0.conda
  sha256: 5577623b9f6685ece2697c6eb7511b4c9ac5fb607c9babc2646c811b428fd46a
  md5: 6b6ece66ebcae2d5f326c77ef2c5a066
  depends:
  - python >=3.9
  license: BSD-2-Clause
  license_family: BSD
  purls:
  - pkg:pypi/pygments?source=hash-mapping
  size: 889287
  timestamp: 1750615908735
- pypi: https://files.pythonhosted.org/packages/3b/ab/b3226f0bd7cdcf710fbede2b3548584366da3b19b5021e74f5bde2a8fa3f/pytest-9.0.2-py3-none-any.whl
  name: pytest
  version: 9.0.2
  sha256: 711ffd45bf766d5264d487b917733b453d917afd2b0ad65223959f59089f875b
  requires_dist:
  - colorama>=0.4 ; sys_platform == 'win32'
  - exceptiongroup>=1 ; python_full_version < '3.11'
  - iniconfig>=1.0.1
  - packaging>=22
  - pluggy>=1.5,<2
  - pygments>=2.7.2
  - tomli>=1 ; python_full_version < '3.11'
  - argcomplete ; extra == 'dev'
  - attrs>=19.2 ; extra == 'dev'
  - hypothesis>=3.56 ; extra == 'dev'
  - mock ; extra == 'dev'
  - requests ; extra == 'dev'
  - setuptools ; extra == 'dev'
  - xmlschema ; extra == 'dev'
  requires_python: '>=3.10'
- pypi: https://files.pythonhosted.org/packages/98/1c/b00940ab9eb8ede7897443b771987f2f4a76f06be02f1b3f01eb7567e24a/pytest_base_url-2.1.0-py3-none-any.whl
  name: pytest-base-url
  version: 2.1.0
  sha256: 3ad15611778764d451927b2a53240c1a7a591b521ea44cebfe45849d2d2812e6
  requires_dist:
  - pytest>=7.0.0
  - requests>=2.9
  - black>=22.1.0 ; extra == 'test'
  - flake8>=4.0.1 ; extra == 'test'
  - pre-commit>=2.17.0 ; extra == 'test'
  - pytest-localserver>=0.7.1 ; extra == 'test'
  - tox>=3.24.5 ; extra == 'test'
  requires_python: '>=3.8'
- pypi: https://files.pythonhosted.org/packages/76/61/4d333d8354ea2bea2c2f01bad0a4aa3c1262de20e1241f78e73360e9b620/pytest_playwright-0.7.2-py3-none-any.whl
  name: pytest-playwright
  version: 0.7.2
  sha256: 8084e015b2b3ecff483c2160f1c8219b38b66c0d4578b23c0f700d1b0240ea38
  requires_dist:
  - playwright>=1.18
  - pytest>=6.2.4,<10.0.0
  - pytest-base-url>=1.0.0,<3.0.0
  - python-slugify>=6.0.0,<9.0.0
  requires_python: '>=3.10'
- conda: https://conda.anaconda.org/conda-forge/linux-64/python-3.14.2-h32b2ec7_100_cp314.conda
  build_number: 100
  sha256: a120fb2da4e4d51dd32918c149b04a08815fd2bd52099dad1334647984bb07f1
  md5: 1cef1236a05c3a98f68c33ae9425f656
  depends:
  - __glibc >=2.17,<3.0.a0
  - bzip2 >=1.0.8,<2.0a0
  - ld_impl_linux-64 >=2.36.1
  - libexpat >=2.7.3,<3.0a0
  - libffi >=3.5.2,<3.6.0a0
  - libgcc >=14
  - liblzma >=5.8.1,<6.0a0
  - libmpdec >=4.0.0,<5.0a0
  - libsqlite >=3.51.1,<4.0a0
  - libuuid >=2.41.2,<3.0a0
  - libzlib >=1.3.1,<2.0a0
  - ncurses >=6.5,<7.0a0
  - openssl >=3.5.4,<4.0a0
  - python_abi 3.14.* *_cp314
  - readline >=8.2,<9.0a0
  - tk >=8.6.13,<8.7.0a0
  - tzdata
  - zstd >=1.5.7,<1.6.0a0
  license: Python-2.0
  purls: []
  size: 36790521
  timestamp: 1765021515427
  python_site_packages_path: lib/python3.14/site-packages
- pypi: https://files.pythonhosted.org/packages/a4/62/02da182e544a51a5c3ccf4b03ab79df279f9c60c5e82d5e8bec7ca26ac11/python_slugify-8.0.4-py2.py3-none-any.whl
  name: python-slugify
  version: 8.0.4
  sha256: 276540b79961052b66b7d116620b36518847f52d5fd9e3a70164fc8c50faa6b8
  requires_dist:
  - text-unidecode>=1.3
  - unidecode>=1.1.1 ; extra == 'unidecode'
  requires_python: '>=3.7'
- conda: https://conda.anaconda.org/conda-forge/noarch/python_abi-3.14-8_cp314.conda
  build_number: 8
  sha256: ad6d2e9ac39751cc0529dd1566a26751a0bf2542adb0c232533d32e176e21db5
  md5: 0539938c55b6b1a59b560e843ad864a4
  constrains:
  - python 3.14.* *_cp314
  license: BSD-3-Clause
  license_family: BSD
  purls: []
  size: 6989
  timestamp: 1752805904792
- conda: https://conda.anaconda.org/conda-forge/linux-64/readline-8.3-h853b02a_0.conda
  sha256: 12ffde5a6f958e285aa22c191ca01bbd3d6e710aa852e00618fa6ddc59149002
  md5: d7d95fc8287ea7bf33e0e7116d2b95ec
  depends:
  - __glibc >=2.17,<3.0.a0
  - libgcc >=14
  - ncurses >=6.5,<7.0a0
  license: GPL-3.0-only
  license_family: GPL
  purls: []
  size: 345073
  timestamp: 1765813471974
- pypi: https://files.pythonhosted.org/packages/1e/db/4254e3eabe8020b458f1a747140d32277ec7a271daf1d235b70dc0b4e6e3/requests-2.32.5-py3-none-any.whl
  name: requests
  version: 2.32.5
  sha256: 2462f94637a34fd532264295e186976db0f5d453d1cdd31473c85a6a161affb6
  requires_dist:
  - charset-normalizer>=2,<4
  - idna>=2.5,<4
  - urllib3>=1.21.1,<3
  - certifi>=2017.4.17
  - pysocks>=1.5.6,!=1.5.7 ; extra == 'socks'
  - chardet>=3.0.2,<6 ; extra == 'use-chardet-on-py3'
  requires_python: '>=3.9'
- pypi: https://files.pythonhosted.org/packages/25/7a/b0178788f8dc6cafce37a212c99565fa1fe7872c70c6c9c1e1a372d9d88f/rich-14.2.0-py3-none-any.whl
  name: rich
  version: 14.2.0
  sha256: 76bc51fe2e57d2b1be1f96c524b890b816e334ab4c1e45888799bfaab0021edd
  requires_dist:
  - ipywidgets>=7.5.1,<9 ; extra == 'jupyter'
  - markdown-it-py>=2.2.0
  - pygments>=2.13.0,<3.0.0
  requires_python: '>=3.8.0'
- conda: https://conda.anaconda.org/conda-forge/noarch/stack_data-0.6.3-pyhd8ed1ab_1.conda
  sha256: 570da295d421661af487f1595045760526964f41471021056e993e73089e9c41
  md5: b1b505328da7a6b246787df4b5a49fbc
  depends:
  - asttokens
  - executing
  - pure_eval
  - python >=3.9
  license: MIT
  license_family: MIT
  purls:
  - pkg:pypi/stack-data?source=hash-mapping
  size: 26988
  timestamp: 1733569565672
- pypi: https://files.pythonhosted.org/packages/a6/a5/c0b6468d3824fe3fde30dbb5e1f687b291608f9473681bbf7dabbf5a87d7/text_unidecode-1.3-py2.py3-none-any.whl
  name: text-unidecode
  version: '1.3'
  sha256: 1311f10e8b895935241623731c2ba64f4c455287888b18189350b67134a822e8
- conda: https://conda.anaconda.org/conda-forge/linux-64/tk-8.6.13-noxft_ha0e22de_103.conda
  sha256: 1544760538a40bcd8ace2b1d8ebe3eb5807ac268641f8acdc18c69c5ebfeaf64
  md5: 86bc20552bf46075e3d92b67f089172d
  depends:
  - __glibc >=2.17,<3.0.a0
  - libgcc >=13
  - libzlib >=1.3.1,<2.0a0
  constrains:
  - xorg-libx11 >=1.8.12,<2.0a0
  license: TCL
  license_family: BSD
  purls: []
  size: 3284905
  timestamp: 1763054914403
- conda: https://conda.anaconda.org/conda-forge/noarch/toml-0.10.2-pyhcf101f3_3.conda
  sha256: fd30e43699cb22ab32ff3134d3acf12d6010b5bbaa63293c37076b50009b91f8
  md5: d0fc809fa4c4d85e959ce4ab6e1de800
  depends:
  - python >=3.10
  - python
  license: MIT
  license_family: MIT
  purls:
  - pkg:pypi/toml?source=hash-mapping
  size: 24017
  timestamp: 1764486833072
- conda: https://conda.anaconda.org/conda-forge/noarch/traitlets-5.14.3-pyhd8ed1ab_1.conda
  sha256: f39a5620c6e8e9e98357507262a7869de2ae8cc07da8b7f84e517c9fd6c2b959
  md5: 019a7385be9af33791c989871317e1ed
  depends:
  - python >=3.9
  license: BSD-3-Clause
  license_family: BSD
  purls:
  - pkg:pypi/traitlets?source=hash-mapping
  size: 110051
  timestamp: 1733367480074
- conda: https://conda.anaconda.org/conda-forge/noarch/typing_extensions-4.15.0-pyhcf101f3_0.conda
  sha256: 032271135bca55aeb156cee361c81350c6f3fb203f57d024d7e5a1fc9ef18731
  md5: 0caa1af407ecff61170c9437a808404d
  depends:
  - python >=3.10
  - python
  license: PSF-2.0
  license_family: PSF
  purls:
  - pkg:pypi/typing-extensions?source=hash-mapping
  size: 51692
  timestamp: 1756220668932
- conda: https://conda.anaconda.org/conda-forge/noarch/tzdata-2025c-h8577fbf_0.conda
  sha256: 50fad5db6734d1bb73df1cf5db73215e326413d4b2137933f70708aa1840e25b
  md5: 338201218b54cadff2e774ac27733990
  license: LicenseRef-Public-Domain
  purls: []
  size: 119204
  timestamp: 1765745742795
- pypi: https://files.pythonhosted.org/packages/6d/b9/4095b668ea3678bf6a0af005527f39de12fb026516fb3df17495a733b7f8/urllib3-2.6.2-py3-none-any.whl
  name: urllib3
  version: 2.6.2
  sha256: ec21cddfe7724fc7cb4ba4bea7aa8e2ef36f607a4bab81aa6ce42a13dc3f03dd
  requires_dist:
  - brotli>=1.2.0 ; platform_python_implementation == 'CPython' and extra == 'brotli'
  - brotlicffi>=1.2.0.0 ; platform_python_implementation != 'CPython' and extra == 'brotli'
  - h2>=4,<5 ; extra == 'h2'
  - pysocks>=1.5.6,!=1.5.7,<2.0 ; extra == 'socks'
  - backports-zstd>=1.0.0 ; python_full_version < '3.14' and extra == 'zstd'
  requires_python: '>=3.9'
- conda: https://conda.anaconda.org/conda-forge/noarch/wcwidth-0.2.14-pyhd8ed1ab_0.conda
  sha256: e311b64e46c6739e2a35ab8582c20fa30eb608da130625ed379f4467219d4813
  md5: 7e1e5ff31239f9cd5855714df8a3783d
  depends:
  - python >=3.10
  license: MIT
  license_family: MIT
  purls:
  - pkg:pypi/wcwidth?source=hash-mapping
  size: 33670
  timestamp: 1758622418893
- conda: https://conda.anaconda.org/conda-forge/linux-64/zstd-1.5.7-hb78ec9c_6.conda
  sha256: 68f0206ca6e98fea941e5717cec780ed2873ffabc0e1ed34428c061e2c6268c7
  md5: 4a13eeac0b5c8e5b8ab496e6c4ddd829
  depends:
  - __glibc >=2.17,<3.0.a0
  - libzlib >=1.3.1,<2.0a0
  license: BSD-3-Clause
  license_family: BSD
  purls: []
  size: 601375
  timestamp: 1764777111296
